
Microsoft Visual Studio Solution File, Format Version 12.00
# Visual Studio Version 16
VisualStudioVersion = 16.0.30225.117
MinimumVisualStudioVersion = 10.0.40219.1
Project("{FAE04EC0-301F-11D3-BF4B-00C04F79EFBC}") = "CleanArchitecture.Api", "CleanArchitecture.Api\CleanArchitecture.Api.csproj", "{FD491AB3-09A6-440B-8148-99D1620EEA39}"
EndProject
Project("{FAE04EC0-301F-11D3-BF4B-00C04F79EFBC}") = "CleanArchitecture.Application", "CleanArchitecture.Application\CleanArchitecture.Application.csproj", "{D594E9B2-045D-475F-88F3-83E50CA1959D}"
EndProject
Project("{FAE04EC0-301F-11D3-BF4B-00C04F79EFBC}") = "CleanArchitecture.Domain", "CleanArchitecture.Domain\CleanArchitecture.Domain.csproj", "{BAFECDD3-CCCB-426F-B89F-82A8352D559E}"
EndProject
Project("{FAE04EC0-301F-11D3-BF4B-00C04F79EFBC}") = "CleanArchitecture.Data", "CleanArchitecture.Data\CleanArchitecture.Data.csproj", "{5F6BF2B6-00D1-43A7-B95F-B09AB781B5FB}"
EndProject
Global
	GlobalSection(SolutionConfigurationPlatforms) = preSolution
		Debug|Any CPU = Debug|Any CPU
		Release|Any CPU = Release|Any CPU
	EndGlobalSection
	GlobalSection(ProjectConfigurationPlatforms) = postSolution
		{FD491AB3-09A6-440B-8148-99D1620EEA39}.Debug|Any CPU.ActiveCfg = Debug|Any CPU
		{FD491AB3-09A6-440B-8148-99D1620EEA39}.Debug|Any CPU.Build.0 = Debug|Any CPU
		{FD491AB3-09A6-440B-8148-99D1620EEA39}.Release|Any CPU.ActiveCfg = Release|Any CPU
		{FD491AB3-09A6-440B-8148-99D1620EEA39}.Release|Any CPU.Build.0 = Release|Any CPU
		{D594E9B2-045D-475F-88F3-83E50CA1959D}.Debug|Any CPU.ActiveCfg = Debug|Any CPU
		{D594E9B2-045D-475F-88F3-83E50CA1959D}.Debug|Any CPU.Build.0 = Debug|Any CPU
		{D594E9B2-045D-475F-88F3-83E50CA1959D}.Release|Any CPU.ActiveCfg = Release|Any CPU
		{D594E9B2-045D-475F-88F3-83E50CA1959D}.Release|Any CPU.Build.0 = Release|Any CPU
		{BAFECDD3-CCCB-426F-B89F-82A8352D559E}.Debug|Any CPU.ActiveCfg = Debug|Any CPU
		{BAFECDD3-CCCB-426F-B89F-82A8352D559E}.Debug|Any CPU.Build.0 = Debug|Any CPU
		{BAFECDD3-CCCB-426F-B89F-82A8352D559E}.Release|Any CPU.ActiveCfg = Release|Any CPU
		{BAFECDD3-CCCB-426F-B89F-82A8352D559E}.Release|Any CPU.Build.0 = Release|Any CPU
		{5F6BF2B6-00D1-43A7-B95F-B09AB781B5FB}.Debug|Any CPU.ActiveCfg = Debug|Any CPU
		{5F6BF2B6-00D1-43A7-B95F-B09AB781B5FB}.Debug|Any CPU.Build.0 = Debug|Any CPU
		{5F6BF2B6-00D1-43A7-B95F-B09AB781B5FB}.Release|Any CPU.ActiveCfg = Release|Any CPU
		{5F6BF2B6-00D1-43A7-B95F-B09AB781B5FB}.Release|Any CPU.Build.0 = Release|Any CPU
	EndGlobalSection
	GlobalSection(SolutionProperties) = preSolution
		HideSolutionNode = FALSE
	EndGlobalSection
	GlobalSection(ExtensibilityGlobals) = postSolution
		SolutionGuid = {F5C85D2E-B520-42BE-9966-CB04B09D4C64}
	EndGlobalSection
EndGlobal
